{
    "_readme": [
        "This file locks the dependencies of your project to a known state",
        "Read more about it at http://getcomposer.org/doc/01-basic-usage.md#composer-lock-the-lock-file"
    ],
    "hash": "ab53438041ef8137af13c64b7b17d574",
    "packages": [
        {
            "name": "composer/composer",
            "version": "dev-master",
            "source": {
                "type": "git",
                "url": "https://github.com/composer/composer.git",
                "reference": "46e55541e73256b8a5acb9dba4e1af6209dfdf53"
            },
            "dist": {
                "type": "zip",
                "url": "https://api.github.com/repos/composer/composer/zipball/46e55541e73256b8a5acb9dba4e1af6209dfdf53",
                "reference": "46e55541e73256b8a5acb9dba4e1af6209dfdf53",
                "shasum": ""
            },
            "require": {
                "justinrainbow/json-schema": "1.1.*",
                "php": ">=5.3.2",
                "seld/jsonlint": "1.*",
                "symfony/console": "~2.3",
                "symfony/finder": "~2.2",
                "symfony/process": "~2.1@dev"
            },
            "require-dev": {
                "phpunit/phpunit": "~3.7.10"
            },
            "suggest": {
                "ext-openssl": "Enabling the openssl extension allows you to access https URLs for repositories and packages",
                "ext-zip": "Enabling the zip extension allows you to unzip archives, and allows gzip compression of all internet traffic"
            },
            "bin": [
                "bin/composer"
            ],
            "type": "library",
            "extra": {
                "branch-alias": {
                    "dev-master": "1.0-dev"
                }
            },
            "autoload": {
                "psr-0": {
                    "Composer": "src/"
                }
            },
            "notification-url": "https://packagist.org/downloads/",
            "license": [
                "MIT"
            ],
            "authors": [
                {
                    "name": "Jordi Boggiano",
                    "email": "j.boggiano@seld.be",
                    "homepage": "http://seld.be",
                    "role": "Developer"
                },
                {
                    "name": "Nils Adermann",
                    "email": "naderman@naderman.de",
                    "homepage": "http://www.naderman.de"
                }
            ],
            "description": "Dependency Manager",
            "homepage": "http://getcomposer.org/",
            "keywords": [
                "autoload",
                "dependency",
                "package"
            ],
            "time": "2013-09-26 13:51:49"
        },
        {
            "name": "composer/satis",
            "version": "dev-master",
            "source": {
                "type": "git",
                "url": "https://github.com/composer/satis.git",
                "reference": "4e4516874e954403cf42b75c1f366833200ac9e0"
            },
            "dist": {
                "type": "zip",
                "url": "https://api.github.com/repos/composer/satis/zipball/4e4516874e954403cf42b75c1f366833200ac9e0",
                "reference": "4e4516874e954403cf42b75c1f366833200ac9e0",
                "shasum": ""
            },
            "require": {
                "composer/composer": "1.0.*@dev",
                "php": ">=5.3.2",
                "symfony/console": "~2.1@dev",
                "symfony/process": "@dev",
                "twig/twig": "~1.7"
            },
            "bin": [
                "bin/satis"
            ],
            "type": "library",
            "autoload": {
                "psr-0": {
                    "Composer\\Satis": "src/"
                }
            },
            "notification-url": "https://packagist.org/downloads/",
            "license": [
                "MIT"
            ],
            "authors": [
                {
                    "name": "Jordi Boggiano",
                    "email": "j.boggiano@seld.be",
                    "homepage": "http://seld.be",
                    "role": "Developer"
                },
                {
                    "name": "Nils Adermann",
                    "email": "naderman@naderman.de",
                    "homepage": "http://www.naderman.de"
                }
            ],
            "description": "Simple Repository Generator",
            "homepage": "https://github.com/composer/satis",
            "keywords": [
                "generator",
                "package",
                "repository"
            ],
            "time": "2013-09-19 11:20:08"
        },
        {
            "name": "guzzle/guzzle",
            "version": "v2.8.1",
            "source": {
                "type": "git",
                "url": "https://github.com/guzzle/guzzle",
                "reference": "v2.8.1"
            },
            "dist": {
                "type": "zip",
                "url": "https://github.com/guzzle/guzzle/zipball/v2.8.1",
                "reference": "v2.8.1",
                "shasum": ""
            },
            "require": {
                "ext-curl": "*",
                "php": ">=5.3.2",
                "symfony/event-dispatcher": "2.1.*"
            },
            "replace": {
                "guzzle/common": "self.version",
                "guzzle/http": "self.version",
                "guzzle/parser": "self.version"
            },
            "require-dev": {
                "doctrine/common": "*",
                "monolog/monolog": "1.*",
                "symfony/class-loader": "*",
                "zend/zend-cache1": "1.12",
                "zend/zend-log1": "1.12",
                "zendframework/zend-cache": "2.0.0beta4",
                "zendframework/zend-eventmanager": "2.0.0beta4",
                "zendframework/zend-loader": "2.0.0beta4",
                "zendframework/zend-log": "2.0.0beta4",
                "zendframework/zend-servicemanager": "2.0.0beta4",
                "zendframework/zend-stdlib": "2.0.0beta4"
            },
            "type": "library",
            "autoload": {
                "psr-0": {
                    "Guzzle\\Tests": "tests/",
                    "Guzzle": "src/"
                }
            },
            "notification-url": "https://packagist.org/downloads/",
            "license": [
                "MIT"
            ],
            "authors": [
                {
                    "name": "Michael Dowling",
                    "email": "mtdowling@gmail.com",
                    "homepage": "https://github.com/mtdowling"
                },
                {
                    "name": "Guzzle Community",
                    "homepage": "https://github.com/guzzle/guzzle/contributors"
                }
            ],
            "description": "Guzzle is a PHP HTTP client library and framework for building RESTful web service clients",
            "homepage": "http://guzzlephp.org/",
            "keywords": [
                "client",
                "curl",
                "framework",
                "http",
                "http client",
                "rest",
                "web service"
            ],
            "time": "2012-07-16 14:08:54"
        },
        {
            "name": "justinrainbow/json-schema",
            "version": "1.1.0",
            "source": {
                "type": "git",
                "url": "git://github.com/justinrainbow/json-schema.git",
                "reference": "v1.1.0"
            },
            "dist": {
                "type": "zip",
                "url": "https://github.com/justinrainbow/json-schema/archive/v1.1.0.zip",
                "reference": "v1.1.0",
                "shasum": ""
            },
            "require": {
                "php": ">=5.3.0"
            },
            "type": "library",
            "autoload": {
                "psr-0": {
                    "JsonSchema": "src/"
                }
            },
            "notification-url": "https://packagist.org/downloads/",
            "license": [
                "NewBSD"
            ],
            "authors": [
                {
                    "name": "Igor Wiedler",
                    "email": "igor@wiedler.ch",
                    "homepage": "http://wiedler.ch/igor/"
                },
                {
                    "name": "Bruno Prieto Reis",
                    "email": "bruno.p.reis@gmail.com"
                },
                {
                    "name": "Justin Rainbow",
                    "email": "justin.rainbow@gmail.com"
                },
                {
                    "name": "Robert Schönthal",
                    "email": "seroscho@googlemail.com",
                    "homepage": "http://digitalkaoz.net"
                }
            ],
            "description": "A library to validate a json schema.",
            "homepage": "https://github.com/justinrainbow/json-schema",
            "keywords": [
                "json",
                "schema"
            ],
            "time": "2012-01-03 00:33:17"
        },
        {
            "name": "seld/jsonlint",
            "version": "1.1.1",
            "source": {
                "type": "git",
                "url": "http://github.com/Seldaek/jsonlint",
                "reference": "1.1.1"
            },
            "dist": {
                "type": "zip",
                "url": "https://api.github.com/repos/Seldaek/jsonlint/zipball/1.1.1",
                "reference": "1.1.1",
                "shasum": ""
            },
            "require": {
                "php": ">=5.3.0"
            },
            "bin": [
                "bin/jsonlint"
            ],
            "type": "library",
            "autoload": {
                "psr-0": {
                    "Seld\\JsonLint": "src/"
                }
            },
            "notification-url": "https://packagist.org/downloads/",
            "license": [
                "MIT"
            ],
            "authors": [
                {
                    "name": "Jordi Boggiano",
                    "email": "j.boggiano@seld.be",
                    "homepage": "http://seld.be",
                    "role": "Developer"
                }
            ],
            "description": "JSON Linter",
            "keywords": [
                "json",
                "linter",
                "parser",
                "validator"
            ],
            "time": "2013-02-11 23:03:12"
        },
        {
            "name": "symfony/console",
            "version": "dev-master",
            "target-dir": "Symfony/Component/Console",
            "source": {
                "type": "git",
                "url": "https://github.com/symfony/Console.git",
                "reference": "e430d7416327a93be77b3c4844c191a10cc8c1c7"
            },
            "dist": {
                "type": "zip",
                "url": "https://api.github.com/repos/symfony/Console/zipball/e430d7416327a93be77b3c4844c191a10cc8c1c7",
                "reference": "e430d7416327a93be77b3c4844c191a10cc8c1c7",
                "shasum": ""
            },
            "require": {
                "php": ">=5.3.3"
            },
            "require-dev": {
                "symfony/event-dispatcher": "~2.1"
            },
            "suggest": {
                "symfony/event-dispatcher": ""
            },
            "type": "library",
            "extra": {
                "branch-alias": {
                    "dev-master": "2.4-dev"
                }
            },
            "autoload": {
                "psr-0": {
                    "Symfony\\Component\\Console\\": ""
                }
            },
            "notification-url": "https://packagist.org/downloads/",
            "license": [
                "MIT"
            ],
            "authors": [
                {
                    "name": "Fabien Potencier",
                    "email": "fabien@symfony.com"
                },
                {
                    "name": "Symfony Community",
                    "homepage": "http://symfony.com/contributors"
                }
            ],
            "description": "Symfony Console Component",
            "homepage": "http://symfony.com",
            "time": "2013-09-25 06:04:58"
        },
        {
            "name": "symfony/event-dispatcher",
            "version": "2.1.x-dev",
            "target-dir": "Symfony/Component/EventDispatcher",
            "source": {
                "type": "git",
                "url": "https://github.com/symfony/EventDispatcher.git",
                "reference": "e1d18ff0ff6f3e45ac82f000bc221135df635527"
            },
            "dist": {
                "type": "zip",
                "url": "https://api.github.com/repos/symfony/EventDispatcher/zipball/e1d18ff0ff6f3e45ac82f000bc221135df635527",
                "reference": "e1d18ff0ff6f3e45ac82f000bc221135df635527",
                "shasum": ""
            },
            "require": {
                "php": ">=5.3.3"
            },
            "require-dev": {
                "symfony/dependency-injection": "2.1.*"
            },
            "suggest": {
                "symfony/dependency-injection": "2.1.*",
                "symfony/http-kernel": "2.1.*"
            },
            "type": "library",
            "autoload": {
                "psr-0": {
                    "Symfony\\Component\\EventDispatcher": ""
                }
            },
            "notification-url": "https://packagist.org/downloads/",
            "license": [
                "MIT"
            ],
            "authors": [
                {
                    "name": "Fabien Potencier",
                    "email": "fabien@symfony.com"
                },
                {
                    "name": "Symfony Community",
                    "homepage": "http://symfony.com/contributors"
                }
            ],
            "description": "Symfony EventDispatcher Component",
            "homepage": "http://symfony.com",
            "time": "2013-02-11 11:26:14"
        },
        {
            "name": "symfony/finder",
            "version": "dev-master",
            "target-dir": "Symfony/Component/Finder",
            "source": {
                "type": "git",
                "url": "https://github.com/symfony/Finder.git",
                "reference": "e2ce3164ab58b4d54612e630571f158035ee8603"
            },
            "dist": {
                "type": "zip",
                "url": "https://api.github.com/repos/symfony/Finder/zipball/e2ce3164ab58b4d54612e630571f158035ee8603",
                "reference": "e2ce3164ab58b4d54612e630571f158035ee8603",
                "shasum": ""
            },
            "require": {
                "php": ">=5.3.3"
            },
            "type": "library",
            "extra": {
                "branch-alias": {
                    "dev-master": "2.4-dev"
                }
            },
            "autoload": {
                "psr-0": {
                    "Symfony\\Component\\Finder\\": ""
                }
            },
            "notification-url": "https://packagist.org/downloads/",
            "license": [
                "MIT"
            ],
            "authors": [
                {
                    "name": "Fabien Potencier",
                    "email": "fabien@symfony.com"
                },
                {
                    "name": "Symfony Community",
                    "homepage": "http://symfony.com/contributors"
                }
            ],
            "description": "Symfony Finder Component",
            "homepage": "http://symfony.com",
            "time": "2013-09-19 09:47:34"
        },
        {
            "name": "symfony/process",
            "version": "dev-master",
            "target-dir": "Symfony/Component/Process",
            "source": {
                "type": "git",
                "url": "https://github.com/symfony/Process.git",
                "reference": "4adfa47d187f90638261566ba0a0ab1c1291b9bd"
            },
            "dist": {
                "type": "zip",
                "url": "https://api.github.com/repos/symfony/Process/zipball/4adfa47d187f90638261566ba0a0ab1c1291b9bd",
                "reference": "4adfa47d187f90638261566ba0a0ab1c1291b9bd",
                "shasum": ""
            },
            "require": {
                "php": ">=5.3.3"
            },
            "type": "library",
            "extra": {
                "branch-alias": {
                    "dev-master": "2.4-dev"
                }
            },
            "autoload": {
                "psr-0": {
                    "Symfony\\Component\\Process\\": ""
                }
            },
            "notification-url": "https://packagist.org/downloads/",
            "license": [
                "MIT"
            ],
            "authors": [
                {
                    "name": "Fabien Potencier",
                    "email": "fabien@symfony.com"
                },
                {
                    "name": "Symfony Community",
                    "homepage": "http://symfony.com/contributors"
                }
            ],
            "description": "Symfony Process Component",
            "homepage": "http://symfony.com",
            "time": "2013-09-27 14:31:42"
        },
        {
            "name": "twig/twig",
            "version": "dev-master",
            "source": {
                "type": "git",
                "url": "https://github.com/fabpot/Twig.git",
                "reference": "a0abed01eb4da79838d06db823d82a9c5cf6e6d0"
            },
            "dist": {
                "type": "zip",
                "url": "https://api.github.com/repos/fabpot/Twig/zipball/a0abed01eb4da79838d06db823d82a9c5cf6e6d0",
                "reference": "a0abed01eb4da79838d06db823d82a9c5cf6e6d0",
                "shasum": ""
            },
            "require": {
                "php": ">=5.2.4"
            },
            "type": "library",
            "extra": {
                "branch-alias": {
                    "dev-master": "1.14-dev"
                }
            },
            "autoload": {
                "psr-0": {
                    "Twig_": "lib/"
                }
            },
            "notification-url": "https://packagist.org/downloads/",
            "license": [
                "BSD-3-Clause"
            ],
            "authors": [
                {
                    "name": "Fabien Potencier",
                    "email": "fabien@symfony.com"
                },
                {
                    "name": "Armin Ronacher",
                    "email": "armin.ronacher@active-4.com"
                }
            ],
            "description": "Twig, the flexible, fast, and secure template language for PHP",
            "homepage": "http://twig.sensiolabs.org",
            "keywords": [
                "templating"
            ],
            "time": "2013-09-29 07:27:48"
        }
    ],
    "packages-dev": [

    ],
    "aliases": [

    ],
    "minimum-stability": "dev",
    "stability-flags": {
        "composer/satis": 20
    },
    "platform": [

    ],
    "platform-dev": [

    ]
}
